PODS:
  - FMDB (2.5):
    - FMDB/standard (= 2.5)
  - FMDB/common (2.5)
  - FMDB/standard (2.5):
    - FMDB/common
  - TouchJSON (1.1)

DEPENDENCIES:
  - FMDB (~> 2.5)
  - TouchJSON

SPEC CHECKSUMS:
  FMDB: 96e8f1bcc1329e269330f99770ad4285d9003e52
  TouchJSON: 39be3595ebe489095311d97ce0c824417324cb74

COCOAPODS: 0.39.0
